{
    "_meta": {
        "hash": {
            "sha256": "4316e1322a45685f01420cd8f8ca30107fd04e2f373505d4b2ceff167ed1b69d"
        },
        "pipfile-spec": 6,
        "requires": {
            "python_version": "3.10"
        },
        "sources": [
            {
                "name": "pypi",
                "url": "https://pypi.org/simple",
                "verify_ssl": true
            }
        ]
    },
    "default": {
        "asgiref": {
            "hashes": [
                "sha256:1d2880b792ae8757289136f1db2b7b99100ce959b2aa57fd69dab783d05afac4",
                "sha256:4a29362a6acebe09bf1d6640db38c1dc3d9217c68e6f9f6204d72667fc19a424"
            ],
            "markers": "python_version >= '3.7'",
            "version": "==3.5.2"
        },
        "django": {
            "editable": true,
            "path": "/home/pwtail/sof/godjan"
        },
        "psycopg": {
            "hashes": [
                "sha256:0f5e18920ed978f5063e48acc5ca4389225db7d06a03090d2bbb7a0ec7a640b2",
                "sha256:44ca63373c33957ca852fefa1940f8cc5d4c11493b7f6710b0ab250ff5abc50c"
            ],
            "index": "pypi",
            "version": "==3.0.16"
        },
        "psycopg-pool": {
            "hashes": [
                "sha256:397beaa082f17255e6267850a00700aec4427fa214b4c55d2d49c7c154508ed5",
                "sha256:bc579078dc8209f1ce280228460f96770756f24babb5d8ab2418800e9082a973"
            ],
            "index": "pypi",
            "version": "==3.1.1"
        },
        "sqlparse": {
            "hashes": [
                "sha256:0c00730c74263a94e5a9919ade150dfc3b19c574389985446148402998287dae",
                "sha256:48719e356bb8b42991bdbb1e8b83223757b93789c00910a616a071910ca4a64d"
            ],
            "markers": "python_version >= '3.5'",
            "version": "==0.4.2"
        }
    },
    "develop": {}
}
